#		filter definition for langpack


ja.general.useragent.locale		= ja
ja-JP-mac.general.useragent.locale	= ja-JP-mac



#
#	symbol
#
ja.[					= [
ja.]					= ]

#ja-JP-mac.[				= 「
#ja-JP-mac.]				= 」
ja-JP-mac.[				= “
ja-JP-mac.]				= ”


# 普通「デフォルト」だが Win は「既定」が慣例
ja.Default				= 既定
ja.Default-				= 既定の
ja.DefaultBrowser			= 既定のブラウザー
ja.DefaultValue				= 既定値

ja-JP-mac.Default			= デフォルト
ja-JP-mac.Default-			= デフォルト
ja-JP-mac.DefaultBrowser		= デフォルトウェブブラウザー
ja-JP-mac.DefaultValue			= デフォルト


# アプリケーションソフトのことを Win では(主に)「プログラム」、Mac では「アプリケーション」
# 関連づけやプラグイン、連携ソフトについての記述でのみ使い分け
ja.Application				= プログラム
ja.Program				= プログラム
ja-JP-mac.Application			= アプリケーション
ja-JP-mac.Program			= アプリケーション


# その他一般に使用される用語の区別
ja.Color				= 色
ja.Colors				= 配色
ja.Window				= ウィンドウ
ja.Front				= 前面
ja.Back					= 背面
ja.Property				= プロパティ
ja.ViewProperty				= プロパティを表示
ja.Print				= 印刷
ja.Top					= 最前面
ja.TrashFolder				= ごみ箱
ja.Wizard				= ウィザード
ja.NextButton				= 次へ

ja-JP-mac.Color				= カラー
ja-JP-mac.Colors			= カラー
ja-JP-mac.Window			= ウインドウ
ja-JP-mac.Front				= 手前
ja-JP-mac.Back				= 後ろ
ja-JP-mac.Property			= 情報
ja-JP-mac.ViewProperty			= 情報を見る
ja-JP-mac.Print				= プリント
ja-JP-mac.Top				= 一番手前
ja-JP-mac.TrashFolder			= ゴミ箱
ja-JP-mac.Wizard			= アシスタント
ja-JP-mac.NextButton			= 続ける


#
#	general commands
#
# コマンドやメニュー名(またはそれを指す場合)にのみ使用。
Revert					= 入力の取り消し

ja.Browse				= 参照
# ウィンドウを対象とした閉じるコマンドのみ
ja.CloseCMD				= 閉じる
ja.Cut					= 切り取り
ja.FullScreen				= 全画面表示
ja.Minimize				= 最小化
ja.Paste				= 貼り付け
ja.Paste-si				= 貼り付け
ja.Paste-suru				= 貼り付ける
ja.PropertyCMD				= プロパティ
ja.Redo					= やり直し
ja.SelectAll				= すべて選択
ja.Undo					= 元に戻す
ja.Undo-sare				= 元に戻され
ja.Undo-si				= 元に戻し
ja.Zoom					= 拡大/縮小

ja-JP-mac.Browse			= 選択
ja-JP-mac.CloseCMD			= ウインドウを閉じる
ja-JP-mac.Cut				= カット
ja-JP-mac.FullScreen			= フルスクリーン
ja-JP-mac.Minimize			= しまう
ja-JP-mac.Paste				= ペースト
ja-JP-mac.Paste-si			= ペーストし
ja-JP-mac.Paste-suru			= ペーストする
ja-JP-mac.PropertyCMD			= 情報を見る
ja-JP-mac.Redo				= やり直す
ja-JP-mac.SelectAll			= すべてを選択
ja-JP-mac.Undo				= 取り消す
ja-JP-mac.Undo-sare			= 取り消され
ja-JP-mac.Undo-si			= 取り消し
ja-JP-mac.Zoom				= 拡大／縮小


# 新規-作成 (New~) コマンドではタブ、ウィンドウ以外は "@@New-CMD@@フォルダー" などとする
ja.New-CMD				= 新しい
ja.NewTab				= 新しいタブ
ja.NewWindow				= 新しいウィンドウ

ja-JP-mac.New-CMD			= 新規
ja-JP-mac.NewTab			= 新規タブ
ja-JP-mac.NewWindow			= 新規ウインドウ


# 名前を付けて-を保存 (Save~As) コマンドでは "@@Save-AsCMD@@画像を保存" などとする
ja.Save-AsCMD				= 名前を付けて
ja.SaveAs				= 名前を付けて保存

ja-JP-mac.Save-AsCMD			= 別名で
ja-JP-mac.SaveAs			= 別名で保存


# Import/Export の使い分け
ja.-ImportCMD				= のインポート
ja.Import				= インポート
ja.ImportNoun				= インポート
ja.Import-sare				= インポートされ
ja.Import-si				= インポートし
ja.Import-sinai				= インポートしない
ja.Import-sita				= インポートした
ja.Import-site				= インポートして
ja.Import-suru				= インポートする
ja.Import-deki				= インポートでき

ja-JP-mac.-ImportCMD			= を読み込む
ja-JP-mac.Import			= 読み込む
ja-JP-mac.ImportNoun			= 読み込み
ja-JP-mac.Import-sare			= 読み込まれ
ja-JP-mac.Import-si			= 読み込み
ja-JP-mac.Import-sinai			= 読み込まない
ja-JP-mac.Import-sita			= 読み込んだ
ja-JP-mac.Import-site			= 読み込んで
ja-JP-mac.Import-suru			= 読み込む
ja-JP-mac.Import-deki			= 読み込め

ja.-ExportCMD				= のエクスポート
ja.Export				= エクスポート
ja.ExportNoun				= エクスポート
ja.Export-sare				= エクスポートされ
ja.Export-si				= エクスポートし
ja.Export-suru				= エクスポートする

ja-JP-mac.-ExportCMD			= を書き出す
ja-JP-mac.Export			= 書き出す
ja-JP-mac.ExportNoun			= 書き出し
ja-JP-mac.Export-sare			= 書き出され
ja-JP-mac.Export-si			= 書き出し
ja-JP-mac.Export-suru			= 書き出す


#
#	default name
#
ja.NewCalendarDefault			= 新しいカレンダー
ja.NewFolderDefault			= 新しいフォルダー
ja-JP-mac.NewCalendarDefault		= 名称未設定
ja-JP-mac.NewFolderDefault		= 名称未設定フォルダー



#	[ browser module ]

browser.credits.dtd			= <ul>\
					  <li>Mozilla Japan</li>\
					  <li>Tomoya Asai</li>\
					  <li>Shaw Hosaka</li>\
					  <li>Joji Ikeda</li>\
					  <li>Masahiko Imanaka</li>\
					  <li>Kosuke Kaizuka</li>\
					  <li>Hidehiro Kozawa</li>\
					  <li>Takeshi Nishimura</li>\
					  <li>Atsushi Sakai</li>\
					  <li>Hiroki Abe</li>\
					  </ul>

# old credits for Firefox 2.0
#browser.credits.dtd			= <ul>\
#					  <li>Mozilla Japan</li>\
#					  <li>Makoto Arai</li>\
#					  <li>Tomoya Asai</li>\
#					  <li>Hideyuki EMURA</li>\
#					  <li>Shaw Hosaka</li>\
#					  <li>Joji Ikeda</li>\
#					  <li>Masahiko Imanaka</li>\
#					  <li>Kosuke Kaizuka</li>\
#					  <li>Hidehiro Kozawa</li>\
#					  <li>Teiji Matsuba</li>\
#					  <li>Shigeki Narisawa</li>\
#					  <li>Takeshi Nishimura</li>\
#					  <li>Toshiyuki Oka</li>\
#					  <li>Atsushi Sakai</li>\
#					  <li>Hiroshi Sekiya</li>\
#					  <li>Youhei Tooyama</li>\
#					  <li>Satoru Yamaguchi</li>\
#					  </ul>

# browser/chrome/browser/sanitize.dtd, mail/chrome/messenger/sanitize.dtd, browser/browser/sanitize.ftl
ja.sanitize.dialog.width	= 34em
ja.sanitize.column.width	= 16.5em
ja-JP-mac.sanitize.dialog.width	= 32em
ja-JP-mac.sanitize.column.width	= 14em

#	[ mail module ]

mail.credits.dtd			= <ul>\
					  <li>Mozilla Japan</li>\
					  <li>Makoto Arai</li>\
					  <li>Tomoya Asai</li>\
					  <li>Hideyuki EMURA</li>\
					  <li>Shaw Hosaka</li>\
					  <li>Joji Ikeda</li>\
					  <li>Masahiko Imanaka</li>\
					  <li>Kosuke Kaizuka</li>\
					  <li>Hidehiro Kozawa</li>\
					  <li>Teiji Matsuba</li>\
					  <li>Shigeki Narisawa</li>\
					  <li>Takeshi Nishimura</li>\
					  <li>Atsushi Sakai</li>\
					  <li>Hiroshi Sekiya</li>\
					  <li>Youhei Tooyama</li>\
					  <li>Satoru Yamaguchi</li>\
					  </ul>


# /suite/chrome/mailnews/pref/AccountManager.dtd
ja.AccountManager.accountManager.size		= width: 70em; height: 46.6em;
ja.AccountManager.accountTree.width		= width: 17em;
ja-JP-mac.AccountManager.accountManager.size	= width: 65em; height: 50em;
ja-JP-mac.AccountManager.accountTree.width	= width: 19em;



#	[ toolkit module ]

# toolkit/chrome/global/intl.css
intl.css.common				= \
					/* see bug-jp 4303 */\n\
					#autoSelectLastProfile {\n  \
					  white-space: nowrap;\n\
					}\n\
					\n\
					/* not to show scroll bar in the reporter form */\n\
					#reportForm #description {\n  \
					  max-height: 6.8em;\n\
					}\n\
					\n\
					/* Workaround for SeaMonkey's Preferences dialog */\n\
					@-moz-document url(chrome://communicator/content/pref/preferences.xul) {\n  \
					  #prefsTree {\n  \
					    width: 17em !important;\n  \
					  }\n\
					}\n

ja.intl.css.locale			= \
					/* Workaround for master password dialog with Meiryo */\n\
					#changemp {\n  \
					  min-width: 39em;\n\
					}\n\
					\n

ja-JP-mac.intl.css.locale		=

